
Microsoft Visual Studio Solution File, Format Version 12.00
# Visual Studio Version 17
VisualStudioVersion = 17.2.32505.173
MinimumVisualStudioVersion = 10.0.40219.1
Project("{FAE04EC0-301F-11D3-BF4B-00C04F79EFBC}") = "LR№18", "LR№18\LR№18.csproj", "{FFEECB07-1781-40DE-A261-299D292D2E0B}"
EndProject
Global
	GlobalSection(SolutionConfigurationPlatforms) = preSolution
		Debug|Any CPU = Debug|Any CPU
		Release|Any CPU = Release|Any CPU
	EndGlobalSection
	GlobalSection(ProjectConfigurationPlatforms) = postSolution
		{FFEECB07-1781-40DE-A261-299D292D2E0B}.Debug|Any CPU.ActiveCfg = Debug|Any CPU
		{FFEECB07-1781-40DE-A261-299D292D2E0B}.Debug|Any CPU.Build.0 = Debug|Any CPU
		{FFEECB07-1781-40DE-A261-299D292D2E0B}.Release|Any CPU.ActiveCfg = Release|Any CPU
		{FFEECB07-1781-40DE-A261-299D292D2E0B}.Release|Any CPU.Build.0 = Release|Any CPU
	EndGlobalSection
	GlobalSection(SolutionProperties) = preSolution
		HideSolutionNode = FALSE
	EndGlobalSection
	GlobalSection(ExtensibilityGlobals) = postSolution
		SolutionGuid = {69950AB8-D713-48AC-B316-4A12B77ABA5E}
	EndGlobalSection
EndGlobal
